
Microsoft Visual Studio Solution File, Format Version 12.00
# Visual Studio Version 17
VisualStudioVersion = 17.5.002.0
MinimumVisualStudioVersion = 10.0.40219.1
Project("{9A19103F-16F7-4668-BE54-9A1E7A4F7556}") = "Starter", "Starter\Starter.csproj", "{7189530F-7987-4F06-BD94-9B88488A8D5C}"
EndProject
Project("{9A19103F-16F7-4668-BE54-9A1E7A4F7556}") = "Final", "Final\Final.csproj", "{647ED800-EC1F-48A9-8BC2-CB6359DF82FF}"
EndProject
Global
	GlobalSection(SolutionConfigurationPlatforms) = preSolution
		Debug|Any CPU = Debug|Any CPU
		Release|Any CPU = Release|Any CPU
	EndGlobalSection
	GlobalSection(ProjectConfigurationPlatforms) = postSolution
		{7189530F-7987-4F06-BD94-9B88488A8D5C}.Debug|Any CPU.ActiveCfg = Debug|Any CPU
		{7189530F-7987-4F06-BD94-9B88488A8D5C}.Debug|Any CPU.Build.0 = Debug|Any CPU
		{7189530F-7987-4F06-BD94-9B88488A8D5C}.Release|Any CPU.ActiveCfg = Release|Any CPU
		{7189530F-7987-4F06-BD94-9B88488A8D5C}.Release|Any CPU.Build.0 = Release|Any CPU
		{647ED800-EC1F-48A9-8BC2-CB6359DF82FF}.Debug|Any CPU.ActiveCfg = Debug|Any CPU
		{647ED800-EC1F-48A9-8BC2-CB6359DF82FF}.Debug|Any CPU.Build.0 = Debug|Any CPU
		{647ED800-EC1F-48A9-8BC2-CB6359DF82FF}.Release|Any CPU.ActiveCfg = Release|Any CPU
		{647ED800-EC1F-48A9-8BC2-CB6359DF82FF}.Release|Any CPU.Build.0 = Release|Any CPU
	EndGlobalSection
	GlobalSection(SolutionProperties) = preSolution
		HideSolutionNode = FALSE
	EndGlobalSection
	GlobalSection(ExtensibilityGlobals) = postSolution
		SolutionGuid = {5C9BEEB5-B5B4-4101-AC38-77D3A08EFD7F}
	EndGlobalSection
EndGlobal
